// !$*UTF8*$!
{
	archiveVersion = 1;
	classes = {
	};
	objectVersion = 51;
	objects = {

/* Begin PBXBuildFile section */
		07F9231B8E0597F401236945 /* Pods_testable_mvvm_mvp_viperTests.framework in Frameworks */ = {isa = PBXBuildFile; fileRef = 9FBDB3E3261C797DECC022BF /* Pods_testable_mvvm_mvp_viperTests.framework */; };
		723929CEC8DAEE1DFC4C8BD4 /* Pods_testable_mvvm_mvp_viper.framework in Frameworks */ = {isa = PBXBuildFile; fileRef = 5CC4B9118F804CE08957448C /* Pods_testable_mvvm_mvp_viper.framework */; };
		C9065910263B727C00761C64 /* MVVMViewController.swift in Sources */ = {isa = PBXBuildFile; fileRef = C906590F263B727C00761C64 /* MVVMViewController.swift */; };
		C906591B263B72AB00761C64 /* MVPViewController.swift in Sources */ = {isa = PBXBuildFile; fileRef = C906591A263B72AB00761C64 /* MVPViewController.swift */; };
		C9065920263B72B400761C64 /* VIPERViewController.swift in Sources */ = {isa = PBXBuildFile; fileRef = C906591F263B72B400761C64 /* VIPERViewController.swift */; };
		C927660D263B6F7000CC81AC /* AppDelegate.swift in Sources */ = {isa = PBXBuildFile; fileRef = C927660C263B6F7000CC81AC /* AppDelegate.swift */; };
		C927660F263B6F7000CC81AC /* SceneDelegate.swift in Sources */ = {isa = PBXBuildFile; fileRef = C927660E263B6F7000CC81AC /* SceneDelegate.swift */; };
		C9276616263B6F7000CC81AC /* Assets.xcassets in Resources */ = {isa = PBXBuildFile; fileRef = C9276615263B6F7000CC81AC /* Assets.xcassets */; };
		C9276624263B6F7100CC81AC /* testable_mvvm_mvp_viperTests.swift in Sources */ = {isa = PBXBuildFile; fileRef = C9276623263B6F7100CC81AC /* testable_mvvm_mvp_viperTests.swift */; };
		C927662F263B6F7100CC81AC /* testable_mvvm_mvp_viperUITests.swift in Sources */ = {isa = PBXBuildFile; fileRef = C927662E263B6F7100CC81AC /* testable_mvvm_mvp_viperUITests.swift */; };
		C995B5AE263CBE3200CAC797 /* TabBarController.swift in Sources */ = {isa = PBXBuildFile; fileRef = C995B5AD263CBE3200CAC797 /* TabBarController.swift */; };
		C9DCB1EA263E3C010015CFE9 /* User.swift in Sources */ = {isa = PBXBuildFile; fileRef = C9DCB1E9263E3C010015CFE9 /* User.swift */; };
		C9DCB1EF263E43360015CFE9 /* UserViewModel.swift in Sources */ = {isa = PBXBuildFile; fileRef = C9DCB1EE263E43360015CFE9 /* UserViewModel.swift */; };
		C9DCB1F526407ED10015CFE9 /* CombineViewController.swift in Sources */ = {isa = PBXBuildFile; fileRef = C9DCB1F426407ED10015CFE9 /* CombineViewController.swift */; };
		C9DCB20F2640A5530015CFE9 /* UserRepo.swift in Sources */ = {isa = PBXBuildFile; fileRef = C9DCB20E2640A5530015CFE9 /* UserRepo.swift */; };
		C9DCB21A2640B3200015CFE9 /* UserTableViewCell.swift in Sources */ = {isa = PBXBuildFile; fileRef = C9DCB2192640B3200015CFE9 /* UserTableViewCell.swift */; };
		C9DCB22A2641A7870015CFE9 /* ActivityIndicator.swift in Sources */ = {isa = PBXBuildFile; fileRef = C9DCB2292641A7870015CFE9 /* ActivityIndicator.swift */; };
		C9EEC29F26434C6000A9321F /* UserDefaults+ObjectSavable.swift in Sources */ = {isa = PBXBuildFile; fileRef = C9EEC29E26434C6000A9321F /* UserDefaults+ObjectSavable.swift */; };
		C9EEC2A426435F6000A9321F /* NetworkMonitor.swift in Sources */ = {isa = PBXBuildFile; fileRef = C9EEC2A326435F6000A9321F /* NetworkMonitor.swift */; };
/* End PBXBuildFile section */

/* Begin PBXContainerItemProxy section */
		C9276620263B6F7100CC81AC /* PBXContainerItemProxy */ = {
			isa = PBXContainerItemProxy;
			containerPortal = C9276601263B6F7000CC81AC /* Project object */;
			proxyType = 1;
			remoteGlobalIDString = C9276608263B6F7000CC81AC;
			remoteInfo = "testable-mvvm-mvp-viper";
		};
		C927662B263B6F7100CC81AC /* PBXContainerItemProxy */ = {
			isa = PBXContainerItemProxy;
			containerPortal = C9276601263B6F7000CC81AC /* Project object */;
			proxyType = 1;
			remoteGlobalIDString = C9276608263B6F7000CC81AC;
			remoteInfo = "testable-mvvm-mvp-viper";
		};
/* End PBXContainerItemProxy section */

/* Begin PBXFileReference section */
		171257E3F5CB1DFA7930545C /* Pods-testable-mvvm-mvp-viperTests.release.xcconfig */ = {isa = PBXFileReference; includeInIndex = 1; lastKnownFileType = text.xcconfig; name = "Pods-testable-mvvm-mvp-viperTests.release.xcconfig"; path = "Target Support Files/Pods-testable-mvvm-mvp-viperTests/Pods-testable-mvvm-mvp-viperTests.release.xcconfig"; sourceTree = "<group>"; };
		55DFE3D9EC66B02C1C3136E3 /* Pods-testable-mvvm-mvp-viper.debug.xcconfig */ = {isa = PBXFileReference; includeInIndex = 1; lastKnownFileType = text.xcconfig; name = "Pods-testable-mvvm-mvp-viper.debug.xcconfig"; path = "Target Support Files/Pods-testable-mvvm-mvp-viper/Pods-testable-mvvm-mvp-viper.debug.xcconfig"; sourceTree = "<group>"; };
		5CC4B9118F804CE08957448C /* Pods_testable_mvvm_mvp_viper.framework */ = {isa = PBXFileReference; explicitFileType = wrapper.framework; includeInIndex = 0; path = Pods_testable_mvvm_mvp_viper.framework; sourceTree = BUILT_PRODUCTS_DIR; };
		9FBDB3E3261C797DECC022BF /* Pods_testable_mvvm_mvp_viperTests.framework */ = {isa = PBXFileReference; explicitFileType = wrapper.framework; includeInIndex = 0; path = Pods_testable_mvvm_mvp_viperTests.framework; sourceTree = BUILT_PRODUCTS_DIR; };
		C906590F263B727C00761C64 /* MVVMViewController.swift */ = {isa = PBXFileReference; lastKnownFileType = sourcecode.swift; path = MVVMViewController.swift; sourceTree = "<group>"; };
		C906591A263B72AB00761C64 /* MVPViewController.swift */ = {isa = PBXFileReference; lastKnownFileType = sourcecode.swift; path = MVPViewController.swift; sourceTree = "<group>"; };
		C906591F263B72B400761C64 /* VIPERViewController.swift */ = {isa = PBXFileReference; lastKnownFileType = sourcecode.swift; path = VIPERViewController.swift; sourceTree = "<group>"; };
		C9276609263B6F7000CC81AC /* testable-mvvm-mvp-viper.app */ = {isa = PBXFileReference; explicitFileType = wrapper.application; includeInIndex = 0; path = "testable-mvvm-mvp-viper.app"; sourceTree = BUILT_PRODUCTS_DIR; };
		C927660C263B6F7000CC81AC /* AppDelegate.swift */ = {isa = PBXFileReference; lastKnownFileType = sourcecode.swift; path = AppDelegate.swift; sourceTree = "<group>"; };
		C927660E263B6F7000CC81AC /* SceneDelegate.swift */ = {isa = PBXFileReference; lastKnownFileType = sourcecode.swift; path = SceneDelegate.swift; sourceTree = "<group>"; };
		C9276615263B6F7000CC81AC /* Assets.xcassets */ = {isa = PBXFileReference; lastKnownFileType = folder.assetcatalog; path = Assets.xcassets; sourceTree = "<group>"; };
		C927661A263B6F7000CC81AC /* Info.plist */ = {isa = PBXFileReference; lastKnownFileType = text.plist.xml; path = Info.plist; sourceTree = "<group>"; };
		C927661F263B6F7100CC81AC /* testable-mvvm-mvp-viperTests.xctest */ = {isa = PBXFileReference; explicitFileType = wrapper.cfbundle; includeInIndex = 0; path = "testable-mvvm-mvp-viperTests.xctest"; sourceTree = BUILT_PRODUCTS_DIR; };
		C9276623263B6F7100CC81AC /* testable_mvvm_mvp_viperTests.swift */ = {isa = PBXFileReference; lastKnownFileType = sourcecode.swift; path = testable_mvvm_mvp_viperTests.swift; sourceTree = "<group>"; };
		C9276625263B6F7100CC81AC /* Info.plist */ = {isa = PBXFileReference; lastKnownFileType = text.plist.xml; path = Info.plist; sourceTree = "<group>"; };
		C927662A263B6F7100CC81AC /* testable-mvvm-mvp-viperUITests.xctest */ = {isa = PBXFileReference; explicitFileType = wrapper.cfbundle; includeInIndex = 0; path = "testable-mvvm-mvp-viperUITests.xctest"; sourceTree = BUILT_PRODUCTS_DIR; };
		C927662E263B6F7100CC81AC /* testable_mvvm_mvp_viperUITests.swift */ = {isa = PBXFileReference; lastKnownFileType = sourcecode.swift; path = testable_mvvm_mvp_viperUITests.swift; sourceTree = "<group>"; };
		C9276630263B6F7100CC81AC /* Info.plist */ = {isa = PBXFileReference; lastKnownFileType = text.plist.xml; path = Info.plist; sourceTree = "<group>"; };
		C995B5AD263CBE3200CAC797 /* TabBarController.swift */ = {isa = PBXFileReference; lastKnownFileType = sourcecode.swift; path = TabBarController.swift; sourceTree = "<group>"; };
		C9DCB1E9263E3C010015CFE9 /* User.swift */ = {isa = PBXFileReference; lastKnownFileType = sourcecode.swift; path = User.swift; sourceTree = "<group>"; };
		C9DCB1EE263E43360015CFE9 /* UserViewModel.swift */ = {isa = PBXFileReference; lastKnownFileType = sourcecode.swift; path = UserViewModel.swift; sourceTree = "<group>"; };
		C9DCB1F426407ED10015CFE9 /* CombineViewController.swift */ = {isa = PBXFileReference; lastKnownFileType = sourcecode.swift; path = CombineViewController.swift; sourceTree = "<group>"; };
		C9DCB20E2640A5530015CFE9 /* UserRepo.swift */ = {isa = PBXFileReference; lastKnownFileType = sourcecode.swift; path = UserRepo.swift; sourceTree = "<group>"; };
		C9DCB2192640B3200015CFE9 /* UserTableViewCell.swift */ = {isa = PBXFileReference; lastKnownFileType = sourcecode.swift; path = UserTableViewCell.swift; sourceTree = "<group>"; };
		C9DCB2292641A7870015CFE9 /* ActivityIndicator.swift */ = {isa = PBXFileReference; lastKnownFileType = sourcecode.swift; path = ActivityIndicator.swift; sourceTree = "<group>"; };
		C9EEC29E26434C6000A9321F /* UserDefaults+ObjectSavable.swift */ = {isa = PBXFileReference; lastKnownFileType = sourcecode.swift; path = "UserDefaults+ObjectSavable.swift"; sourceTree = "<group>"; };
		C9EEC2A326435F6000A9321F /* NetworkMonitor.swift */ = {isa = PBXFileReference; lastKnownFileType = sourcecode.swift; path = NetworkMonitor.swift; sourceTree = "<group>"; };
		E58C9BB74A12BB7425164F34 /* Pods-testable-mvvm-mvp-viper.release.xcconfig */ = {isa = PBXFileReference; includeInIndex = 1; lastKnownFileType = text.xcconfig; name = "Pods-testable-mvvm-mvp-viper.release.xcconfig"; path = "Target Support Files/Pods-testable-mvvm-mvp-viper/Pods-testable-mvvm-mvp-viper.release.xcconfig"; sourceTree = "<group>"; };
		EABFB782EC205BC2F105459D /* Pods-testable-mvvm-mvp-viperTests.debug.xcconfig */ = {isa = PBXFileReference; includeInIndex = 1; lastKnownFileType = text.xcconfig; name = "Pods-testable-mvvm-mvp-viperTests.debug.xcconfig"; path = "Target Support Files/Pods-testable-mvvm-mvp-viperTests/Pods-testable-mvvm-mvp-viperTests.debug.xcconfig"; sourceTree = "<group>"; };
/* End PBXFileReference section */

/* Begin PBXFrameworksBuildPhase section */
		C9276606263B6F7000CC81AC /* Frameworks */ = {
			isa = PBXFrameworksBuildPhase;
			buildActionMask = 2147483647;
			files = (
				723929CEC8DAEE1DFC4C8BD4 /* Pods_testable_mvvm_mvp_viper.framework in Frameworks */,
			);
			runOnlyForDeploymentPostprocessing = 0;
		};
		C927661C263B6F7100CC81AC /* Frameworks */ = {
			isa = PBXFrameworksBuildPhase;
			buildActionMask = 2147483647;
			files = (
				07F9231B8E0597F401236945 /* Pods_testable_mvvm_mvp_viperTests.framework in Frameworks */,
			);
			runOnlyForDeploymentPostprocessing = 0;
		};
		C9276627263B6F7100CC81AC /* Frameworks */ = {
			isa = PBXFrameworksBuildPhase;
			buildActionMask = 2147483647;
			files = (
			);
			runOnlyForDeploymentPostprocessing = 0;
		};
/* End PBXFrameworksBuildPhase section */

/* Begin PBXGroup section */
		7A797598625B2F6DCF6BF32D /* Frameworks */ = {
			isa = PBXGroup;
			children = (
				5CC4B9118F804CE08957448C /* Pods_testable_mvvm_mvp_viper.framework */,
				9FBDB3E3261C797DECC022BF /* Pods_testable_mvvm_mvp_viperTests.framework */,
			);
			name = Frameworks;
			sourceTree = "<group>";
		};
		8EC0FA81BA9026ECBCB347CC /* Pods */ = {
			isa = PBXGroup;
			children = (
				55DFE3D9EC66B02C1C3136E3 /* Pods-testable-mvvm-mvp-viper.debug.xcconfig */,
				E58C9BB74A12BB7425164F34 /* Pods-testable-mvvm-mvp-viper.release.xcconfig */,
				EABFB782EC205BC2F105459D /* Pods-testable-mvvm-mvp-viperTests.debug.xcconfig */,
				171257E3F5CB1DFA7930545C /* Pods-testable-mvvm-mvp-viperTests.release.xcconfig */,
			);
			path = Pods;
			sourceTree = "<group>";
		};
		C906590C263B720500761C64 /* MVVM */ = {
			isa = PBXGroup;
			children = (
				C9DCB20D2640A5080015CFE9 /* Repository */,
				C995B5C1263E2F8B00CAC797 /* Model */,
				C995B5C0263E2F7F00CAC797 /* ViewModel */,
				C995B5BF263E2F7400CAC797 /* View */,
			);
			path = MVVM;
			sourceTree = "<group>";
		};
		C906590D263B720B00761C64 /* MVP */ = {
			isa = PBXGroup;
			children = (
				C906591A263B72AB00761C64 /* MVPViewController.swift */,
			);
			path = MVP;
			sourceTree = "<group>";
		};
		C906590E263B721000761C64 /* VIPER */ = {
			isa = PBXGroup;
			children = (
				C906591F263B72B400761C64 /* VIPERViewController.swift */,
			);
			path = VIPER;
			sourceTree = "<group>";
		};
		C9276600263B6F7000CC81AC = {
			isa = PBXGroup;
			children = (
				C927660B263B6F7000CC81AC /* testable-mvvm-mvp-viper */,
				C9276622263B6F7100CC81AC /* testable-mvvm-mvp-viperTests */,
				C927662D263B6F7100CC81AC /* testable-mvvm-mvp-viperUITests */,
				C927660A263B6F7000CC81AC /* Products */,
				8EC0FA81BA9026ECBCB347CC /* Pods */,
				7A797598625B2F6DCF6BF32D /* Frameworks */,
			);
			sourceTree = "<group>";
		};
		C927660A263B6F7000CC81AC /* Products */ = {
			isa = PBXGroup;
			children = (
				C9276609263B6F7000CC81AC /* testable-mvvm-mvp-viper.app */,
				C927661F263B6F7100CC81AC /* testable-mvvm-mvp-viperTests.xctest */,
				C927662A263B6F7100CC81AC /* testable-mvvm-mvp-viperUITests.xctest */,
			);
			name = Products;
			sourceTree = "<group>";
		};
		C927660B263B6F7000CC81AC /* testable-mvvm-mvp-viper */ = {
			isa = PBXGroup;
			children = (
				C9DCB2282641A70A0015CFE9 /* Common */,
				C995B5AC263CBE1800CAC797 /* Tab */,
				C906590C263B720500761C64 /* MVVM */,
				C9DCB1F326407EA90015CFE9 /* Combine */,
				C906590D263B720B00761C64 /* MVP */,
				C906590E263B721000761C64 /* VIPER */,
				C927660C263B6F7000CC81AC /* AppDelegate.swift */,
				C927660E263B6F7000CC81AC /* SceneDelegate.swift */,
				C9276615263B6F7000CC81AC /* Assets.xcassets */,
				C927661A263B6F7000CC81AC /* Info.plist */,
			);
			path = "testable-mvvm-mvp-viper";
			sourceTree = "<group>";
		};
		C9276622263B6F7100CC81AC /* testable-mvvm-mvp-viperTests */ = {
			isa = PBXGroup;
			children = (
				C9276623263B6F7100CC81AC /* testable_mvvm_mvp_viperTests.swift */,
				C9276625263B6F7100CC81AC /* Info.plist */,
			);
			path = "testable-mvvm-mvp-viperTests";
			sourceTree = "<group>";
		};
		C927662D263B6F7100CC81AC /* testable-mvvm-mvp-viperUITests */ = {
			isa = PBXGroup;
			children = (
				C927662E263B6F7100CC81AC /* testable_mvvm_mvp_viperUITests.swift */,
				C9276630263B6F7100CC81AC /* Info.plist */,
			);
			path = "testable-mvvm-mvp-viperUITests";
			sourceTree = "<group>";
		};
		C995B5AC263CBE1800CAC797 /* Tab */ = {
			isa = PBXGroup;
			children = (
				C995B5AD263CBE3200CAC797 /* TabBarController.swift */,
			);
			path = Tab;
			sourceTree = "<group>";
		};
		C995B5BF263E2F7400CAC797 /* View */ = {
			isa = PBXGroup;
			children = (
				C906590F263B727C00761C64 /* MVVMViewController.swift */,
				C9DCB2192640B3200015CFE9 /* UserTableViewCell.swift */,
			);
			path = View;
			sourceTree = "<group>";
		};
		C995B5C0263E2F7F00CAC797 /* ViewModel */ = {
			isa = PBXGroup;
			children = (
				C9DCB1EE263E43360015CFE9 /* UserViewModel.swift */,
			);
			path = ViewModel;
			sourceTree = "<group>";
		};
		C995B5C1263E2F8B00CAC797 /* Model */ = {
			isa = PBXGroup;
			children = (
				C9DCB1E9263E3C010015CFE9 /* User.swift */,
			);
			path = Model;
			sourceTree = "<group>";
		};
		C9DCB1F326407EA90015CFE9 /* Combine */ = {
			isa = PBXGroup;
			children = (
				C9DCB1F426407ED10015CFE9 /* CombineViewController.swift */,
			);
			path = Combine;
			sourceTree = "<group>";
		};
		C9DCB20D2640A5080015CFE9 /* Repository */ = {
			isa = PBXGroup;
			children = (
				C9DCB20E2640A5530015CFE9 /* UserRepo.swift */,
			);
			path = Repository;
			sourceTree = "<group>";
		};
		C9DCB2282641A70A0015CFE9 /* Common */ = {
			isa = PBXGroup;
			children = (
				C9DCB2292641A7870015CFE9 /* ActivityIndicator.swift */,
				C9EEC2A326435F6000A9321F /* NetworkMonitor.swift */,
				C9EEC29E26434C6000A9321F /* UserDefaults+ObjectSavable.swift */,
			);
			path = Common;
			sourceTree = "<group>";
		};
/* End PBXGroup section */

/* Begin PBXNativeTarget section */
		C9276608263B6F7000CC81AC /* testable-mvvm-mvp-viper */ = {
			isa = PBXNativeTarget;
			buildConfigurationList = C9276633263B6F7100CC81AC /* Build configuration list for PBXNativeTarget "testable-mvvm-mvp-viper" */;
			buildPhases = (
				90E446607A1DE1D56AB75E03 /* [CP] Check Pods Manifest.lock */,
				C9276605263B6F7000CC81AC /* Sources */,
				C9276606263B6F7000CC81AC /* Frameworks */,
				C9276607263B6F7000CC81AC /* Resources */,
				75A812072C8032AC1175371B /* [CP] Embed Pods Frameworks */,
			);
			buildRules = (
			);
			dependencies = (
			);
			name = "testable-mvvm-mvp-viper";
			productName = "testable-mvvm-mvp-viper";
			productReference = C9276609263B6F7000CC81AC /* testable-mvvm-mvp-viper.app */;
			productType = "com.apple.product-type.application";
		};
		C927661E263B6F7100CC81AC /* testable-mvvm-mvp-viperTests */ = {
			isa = PBXNativeTarget;
			buildConfigurationList = C9276636263B6F7100CC81AC /* Build configuration list for PBXNativeTarget "testable-mvvm-mvp-viperTests" */;
			buildPhases = (
				67A19AF2266A672D928B8139 /* [CP] Check Pods Manifest.lock */,
				C927661B263B6F7100CC81AC /* Sources */,
				C927661C263B6F7100CC81AC /* Frameworks */,
				C927661D263B6F7100CC81AC /* Resources */,
				D2975DFCCD7011331E1FDCF0 /* [CP] Embed Pods Frameworks */,
			);
			buildRules = (
			);
			dependencies = (
				C9276621263B6F7100CC81AC /* PBXTargetDependency */,
			);
			name = "testable-mvvm-mvp-viperTests";
			productName = "testable-mvvm-mvp-viperTests";
			productReference = C927661F263B6F7100CC81AC /* testable-mvvm-mvp-viperTests.xctest */;
			productType = "com.apple.product-type.bundle.unit-test";
		};
		C9276629263B6F7100CC81AC /* testable-mvvm-mvp-viperUITests */ = {
			isa = PBXNativeTarget;
			buildConfigurationList = C9276639263B6F7100CC81AC /* Build configuration list for PBXNativeTarget "testable-mvvm-mvp-viperUITests" */;
			buildPhases = (
				C9276626263B6F7100CC81AC /* Sources */,
				C9276627263B6F7100CC81AC /* Frameworks */,
				C9276628263B6F7100CC81AC /* Resources */,
			);
			buildRules = (
			);
			dependencies = (
				C927662C263B6F7100CC81AC /* PBXTargetDependency */,
			);
			name = "testable-mvvm-mvp-viperUITests";
			productName = "testable-mvvm-mvp-viperUITests";
			productReference = C927662A263B6F7100CC81AC /* testable-mvvm-mvp-viperUITests.xctest */;
			productType = "com.apple.product-type.bundle.ui-testing";
		};
/* End PBXNativeTarget section */

/* Begin PBXProject section */
		C9276601263B6F7000CC81AC /* Project object */ = {
			isa = PBXProject;
			attributes = {
				LastSwiftUpdateCheck = 1240;
				LastUpgradeCheck = 1240;
				TargetAttributes = {
					C9276608263B6F7000CC81AC = {
						CreatedOnToolsVersion = 12.4;
					};
					C927661E263B6F7100CC81AC = {
						CreatedOnToolsVersion = 12.4;
						TestTargetID = C9276608263B6F7000CC81AC;
					};
					C9276629263B6F7100CC81AC = {
						CreatedOnToolsVersion = 12.4;
						TestTargetID = C9276608263B6F7000CC81AC;
					};
				};
			};
			buildConfigurationList = C9276604263B6F7000CC81AC /* Build configuration list for PBXProject "testable-mvvm-mvp-viper" */;
			compatibilityVersion = "Xcode 9.3";
			developmentRegion = en;
			hasScannedForEncodings = 0;
			knownRegions = (
				en,
				Base,
			);
			mainGroup = C9276600263B6F7000CC81AC;
			productRefGroup = C927660A263B6F7000CC81AC /* Products */;
			projectDirPath = "";
			projectRoot = "";
			targets = (
				C9276608263B6F7000CC81AC /* testable-mvvm-mvp-viper */,
				C927661E263B6F7100CC81AC /* testable-mvvm-mvp-viperTests */,
				C9276629263B6F7100CC81AC /* testable-mvvm-mvp-viperUITests */,
			);
		};
/* End PBXProject section */

/* Begin PBXResourcesBuildPhase section */
		C9276607263B6F7000CC81AC /* Resources */ = {
			isa = PBXResourcesBuildPhase;
			buildActionMask = 2147483647;
			files = (
				C9276616263B6F7000CC81AC /* Assets.xcassets in Resources */,
			);
			runOnlyForDeploymentPostprocessing = 0;
		};
		C927661D263B6F7100CC81AC /* Resources */ = {
			isa = PBXResourcesBuildPhase;
			buildActionMask = 2147483647;
			files = (
			);
			runOnlyForDeploymentPostprocessing = 0;
		};
		C9276628263B6F7100CC81AC /* Resources */ = {
			isa = PBXResourcesBuildPhase;
			buildActionMask = 2147483647;
			files = (
			);
			runOnlyForDeploymentPostprocessing = 0;
		};
/* End PBXResourcesBuildPhase section */

/* Begin PBXShellScriptBuildPhase section */
		67A19AF2266A672D928B8139 /* [CP] Check Pods Manifest.lock */ = {
			isa = PBXShellScriptBuildPhase;
			buildActionMask = 2147483647;
			files = (
			);
			inputFileListPaths = (
			);
			inputPaths = (
				"${PODS_PODFILE_DIR_PATH}/Podfile.lock",
				"${PODS_ROOT}/Manifest.lock",
			);
			name = "[CP] Check Pods Manifest.lock";
			outputFileListPaths = (
			);
			outputPaths = (
				"$(DERIVED_FILE_DIR)/Pods-testable-mvvm-mvp-viperTests-checkManifestLockResult.txt",
			);
			runOnlyForDeploymentPostprocessing = 0;
			shellPath = /bin/sh;
			shellScript = "diff \"${PODS_PODFILE_DIR_PATH}/Podfile.lock\" \"${PODS_ROOT}/Manifest.lock\" > /dev/null\nif [ $? != 0 ] ; then\n    # print error to STDERR\n    echo \"error: The sandbox is not in sync with the Podfile.lock. Run 'pod install' or update your CocoaPods installation.\" >&2\n    exit 1\nfi\n# This output is used by Xcode 'outputs' to avoid re-running this script phase.\necho \"SUCCESS\" > \"${SCRIPT_OUTPUT_FILE_0}\"\n";
			showEnvVarsInLog = 0;
		};
		75A812072C8032AC1175371B /* [CP] Embed Pods Frameworks */ = {
			isa = PBXShellScriptBuildPhase;
			buildActionMask = 2147483647;
			files = (
			);
			inputFileListPaths = (
				"${PODS_ROOT}/Target Support Files/Pods-testable-mvvm-mvp-viper/Pods-testable-mvvm-mvp-viper-frameworks-${CONFIGURATION}-input-files.xcfilelist",
			);
			name = "[CP] Embed Pods Frameworks";
			outputFileListPaths = (
				"${PODS_ROOT}/Target Support Files/Pods-testable-mvvm-mvp-viper/Pods-testable-mvvm-mvp-viper-frameworks-${CONFIGURATION}-output-files.xcfilelist",
			);
			runOnlyForDeploymentPostprocessing = 0;
			shellPath = /bin/sh;
			shellScript = "\"${PODS_ROOT}/Target Support Files/Pods-testable-mvvm-mvp-viper/Pods-testable-mvvm-mvp-viper-frameworks.sh\"\n";
			showEnvVarsInLog = 0;
		};
		90E446607A1DE1D56AB75E03 /* [CP] Check Pods Manifest.lock */ = {
			isa = PBXShellScriptBuildPhase;
			buildActionMask = 2147483647;
			files = (
			);
			inputFileListPaths = (
			);
			inputPaths = (
				"${PODS_PODFILE_DIR_PATH}/Podfile.lock",
				"${PODS_ROOT}/Manifest.lock",
			);
			name = "[CP] Check Pods Manifest.lock";
			outputFileListPaths = (
			);
			outputPaths = (
				"$(DERIVED_FILE_DIR)/Pods-testable-mvvm-mvp-viper-checkManifestLockResult.txt",
			);
			runOnlyForDeploymentPostprocessing = 0;
			shellPath = /bin/sh;
			shellScript = "diff \"${PODS_PODFILE_DIR_PATH}/Podfile.lock\" \"${PODS_ROOT}/Manifest.lock\" > /dev/null\nif [ $? != 0 ] ; then\n    # print error to STDERR\n    echo \"error: The sandbox is not in sync with the Podfile.lock. Run 'pod install' or update your CocoaPods installation.\" >&2\n    exit 1\nfi\n# This output is used by Xcode 'outputs' to avoid re-running this script phase.\necho \"SUCCESS\" > \"${SCRIPT_OUTPUT_FILE_0}\"\n";
			showEnvVarsInLog = 0;
		};
		D2975DFCCD7011331E1FDCF0 /* [CP] Embed Pods Frameworks */ = {
			isa = PBXShellScriptBuildPhase;
			buildActionMask = 2147483647;
			files = (
			);
			inputFileListPaths = (
				"${PODS_ROOT}/Target Support Files/Pods-testable-mvvm-mvp-viperTests/Pods-testable-mvvm-mvp-viperTests-frameworks-${CONFIGURATION}-input-files.xcfilelist",
			);
			name = "[CP] Embed Pods Frameworks";
			outputFileListPaths = (
				"${PODS_ROOT}/Target Support Files/Pods-testable-mvvm-mvp-viperTests/Pods-testable-mvvm-mvp-viperTests-frameworks-${CONFIGURATION}-output-files.xcfilelist",
			);
			runOnlyForDeploymentPostprocessing = 0;
			shellPath = /bin/sh;
			shellScript = "\"${PODS_ROOT}/Target Support Files/Pods-testable-mvvm-mvp-viperTests/Pods-testable-mvvm-mvp-viperTests-frameworks.sh\"\n";
			showEnvVarsInLog = 0;
		};
/* End PBXShellScriptBuildPhase section */

/* Begin PBXSourcesBuildPhase section */
		C9276605263B6F7000CC81AC /* Sources */ = {
			isa = PBXSourcesBuildPhase;
			buildActionMask = 2147483647;
			files = (
				C9065910263B727C00761C64 /* MVVMViewController.swift in Sources */,
				C906591B263B72AB00761C64 /* MVPViewController.swift in Sources */,
				C9DCB21A2640B3200015CFE9 /* UserTableViewCell.swift in Sources */,
				C9DCB20F2640A5530015CFE9 /* UserRepo.swift in Sources */,
				C9DCB22A2641A7870015CFE9 /* ActivityIndicator.swift in Sources */,
				C9065920263B72B400761C64 /* VIPERViewController.swift in Sources */,
				C9EEC29F26434C6000A9321F /* UserDefaults+ObjectSavable.swift in Sources */,
				C995B5AE263CBE3200CAC797 /* TabBarController.swift in Sources */,
				C927660D263B6F7000CC81AC /* AppDelegate.swift in Sources */,
				C9DCB1EF263E43360015CFE9 /* UserViewModel.swift in Sources */,
				C927660F263B6F7000CC81AC /* SceneDelegate.swift in Sources */,
				C9DCB1F526407ED10015CFE9 /* CombineViewController.swift in Sources */,
				C9DCB1EA263E3C010015CFE9 /* User.swift in Sources */,
				C9EEC2A426435F6000A9321F /* NetworkMonitor.swift in Sources */,
			);
			runOnlyForDeploymentPostprocessing = 0;
		};
		C927661B263B6F7100CC81AC /* Sources */ = {
			isa = PBXSourcesBuildPhase;
			buildActionMask = 2147483647;
			files = (
				C9276624263B6F7100CC81AC /* testable_mvvm_mvp_viperTests.swift in Sources */,
			);
			runOnlyForDeploymentPostprocessing = 0;
		};
		C9276626263B6F7100CC81AC /* Sources */ = {
			isa = PBXSourcesBuildPhase;
			buildActionMask = 2147483647;
			files = (
				C927662F263B6F7100CC81AC /* testable_mvvm_mvp_viperUITests.swift in Sources */,
			);
			runOnlyForDeploymentPostprocessing = 0;
		};
/* End PBXSourcesBuildPhase section */

/* Begin PBXTargetDependency section */
		C9276621263B6F7100CC81AC /* PBXTargetDependency */ = {
			isa = PBXTargetDependency;
			target = C9276608263B6F7000CC81AC /* testable-mvvm-mvp-viper */;
			targetProxy = C9276620263B6F7100CC81AC /* PBXContainerItemProxy */;
		};
		C927662C263B6F7100CC81AC /* PBXTargetDependency */ = {
			isa = PBXTargetDependency;
			target = C9276608263B6F7000CC81AC /* testable-mvvm-mvp-viper */;
			targetProxy = C927662B263B6F7100CC81AC /* PBXContainerItemProxy */;
		};
/* End PBXTargetDependency section */

/* Begin XCBuildConfiguration section */
		C9276631263B6F7100CC81AC /* Debug */ = {
			isa = XCBuildConfiguration;
			buildSettings = {
				ALWAYS_SEARCH_USER_PATHS = NO;
				CLANG_ANALYZER_NONNULL = YES;
				CLANG_ANALYZER_NUMBER_OBJECT_CONVERSION = YES_AGGRESSIVE;
				CLANG_CXX_LANGUAGE_STANDARD = "gnu++14";
				CLANG_CXX_LIBRARY = "libc++";
				CLANG_ENABLE_MODULES = YES;
				CLANG_ENABLE_OBJC_ARC = YES;
				CLANG_ENABLE_OBJC_WEAK = YES;
				CLANG_WARN_BLOCK_CAPTURE_AUTORELEASING = YES;
				CLANG_WARN_BOOL_CONVERSION = YES;
				CLANG_WARN_COMMA = YES;
				CLANG_WARN_CONSTANT_CONVERSION = YES;
				CLANG_WARN_DEPRECATED_OBJC_IMPLEMENTATIONS = YES;
				CLANG_WARN_DIRECT_OBJC_ISA_USAGE = YES_ERROR;
				CLANG_WARN_DOCUMENTATION_COMMENTS = YES;
				CLANG_WARN_EMPTY_BODY = YES;
				CLANG_WARN_ENUM_CONVERSION = YES;
				CLANG_WARN_INFINITE_RECURSION = YES;
				CLANG_WARN_INT_CONVERSION = YES;
				CLANG_WARN_NON_LITERAL_NULL_CONVERSION = YES;
				CLANG_WARN_OBJC_IMPLICIT_RETAIN_SELF = YES;
				CLANG_WARN_OBJC_LITERAL_CONVERSION = YES;
				CLANG_WARN_OBJC_ROOT_CLASS = YES_ERROR;
				CLANG_WARN_QUOTED_INCLUDE_IN_FRAMEWORK_HEADER = YES;
				CLANG_WARN_RANGE_LOOP_ANALYSIS = YES;
				CLANG_WARN_STRICT_PROTOTYPES = YES;
				CLANG_WARN_SUSPICIOUS_MOVE = YES;
				CLANG_WARN_UNGUARDED_AVAILABILITY = YES_AGGRESSIVE;
				CLANG_WARN_UNREACHABLE_CODE = YES;
				CLANG_WARN__DUPLICATE_METHOD_MATCH = YES;
				COPY_PHASE_STRIP = NO;
				DEBUG_INFORMATION_FORMAT = dwarf;
				ENABLE_STRICT_OBJC_MSGSEND = YES;
				ENABLE_TESTABILITY = YES;
				GCC_C_LANGUAGE_STANDARD = gnu11;
				GCC_DYNAMIC_NO_PIC = NO;
				GCC_NO_COMMON_BLOCKS = YES;
				GCC_OPTIMIZATION_LEVEL = 0;
				GCC_PREPROCESSOR_DEFINITIONS = (
					"DEBUG=1",
					"$(inherited)",
				);
				GCC_WARN_64_TO_32_BIT_CONVERSION = YES;
				GCC_WARN_ABOUT_RETURN_TYPE = YES_ERROR;
				GCC_WARN_UNDECLARED_SELECTOR = YES;
				GCC_WARN_UNINITIALIZED_AUTOS = YES_AGGRESSIVE;
				GCC_WARN_UNUSED_FUNCTION = YES;
				GCC_WARN_UNUSED_VARIABLE = YES;
				IPHONEOS_DEPLOYMENT_TARGET = 14.4;
				MTL_ENABLE_DEBUG_INFO = INCLUDE_SOURCE;
				MTL_FAST_MATH = YES;
				ONLY_ACTIVE_ARCH = YES;
				SDKROOT = iphoneos;
				SWIFT_ACTIVE_COMPILATION_CONDITIONS = DEBUG;
				SWIFT_OPTIMIZATION_LEVEL = "-Onone";
			};
			name = Debug;
		};
		C9276632263B6F7100CC81AC /* Release */ = {
			isa = XCBuildConfiguration;
			buildSettings = {
				ALWAYS_SEARCH_USER_PATHS = NO;
				CLANG_ANALYZER_NONNULL = YES;
				CLANG_ANALYZER_NUMBER_OBJECT_CONVERSION = YES_AGGRESSIVE;
				CLANG_CXX_LANGUAGE_STANDARD = "gnu++14";
				CLANG_CXX_LIBRARY = "libc++";
				CLANG_ENABLE_MODULES = YES;
				CLANG_ENABLE_OBJC_ARC = YES;
				CLANG_ENABLE_OBJC_WEAK = YES;
				CLANG_WARN_BLOCK_CAPTURE_AUTORELEASING = YES;
				CLANG_WARN_BOOL_CONVERSION = YES;
				CLANG_WARN_COMMA = YES;
				CLANG_WARN_CONSTANT_CONVERSION = YES;
				CLANG_WARN_DEPRECATED_OBJC_IMPLEMENTATIONS = YES;
				CLANG_WARN_DIRECT_OBJC_ISA_USAGE = YES_ERROR;
				CLANG_WARN_DOCUMENTATION_COMMENTS = YES;
				CLANG_WARN_EMPTY_BODY = YES;
				CLANG_WARN_ENUM_CONVERSION = YES;
				CLANG_WARN_INFINITE_RECURSION = YES;
				CLANG_WARN_INT_CONVERSION = YES;
				CLANG_WARN_NON_LITERAL_NULL_CONVERSION = YES;
				CLANG_WARN_OBJC_IMPLICIT_RETAIN_SELF = YES;
				CLANG_WARN_OBJC_LITERAL_CONVERSION = YES;
				CLANG_WARN_OBJC_ROOT_CLASS = YES_ERROR;
				CLANG_WARN_QUOTED_INCLUDE_IN_FRAMEWORK_HEADER = YES;
				CLANG_WARN_RANGE_LOOP_ANALYSIS = YES;
				CLANG_WARN_STRICT_PROTOTYPES = YES;
				CLANG_WARN_SUSPICIOUS_MOVE = YES;
				CLANG_WARN_UNGUARDED_AVAILABILITY = YES_AGGRESSIVE;
				CLANG_WARN_UNREACHABLE_CODE = YES;
				CLANG_WARN__DUPLICATE_METHOD_MATCH = YES;
				COPY_PHASE_STRIP = NO;
				DEBUG_INFORMATION_FORMAT = "dwarf-with-dsym";
				ENABLE_NS_ASSERTIONS = NO;
				ENABLE_STRICT_OBJC_MSGSEND = YES;
				GCC_C_LANGUAGE_STANDARD = gnu11;
				GCC_NO_COMMON_BLOCKS = YES;
				GCC_WARN_64_TO_32_BIT_CONVERSION = YES;
				GCC_WARN_ABOUT_RETURN_TYPE = YES_ERROR;
				GCC_WARN_UNDECLARED_SELECTOR = YES;
				GCC_WARN_UNINITIALIZED_AUTOS = YES_AGGRESSIVE;
				GCC_WARN_UNUSED_FUNCTION = YES;
				GCC_WARN_UNUSED_VARIABLE = YES;
				IPHONEOS_DEPLOYMENT_TARGET = 14.4;
				MTL_ENABLE_DEBUG_INFO = NO;
				MTL_FAST_MATH = YES;
				SDKROOT = iphoneos;
				SWIFT_COMPILATION_MODE = wholemodule;
				SWIFT_OPTIMIZATION_LEVEL = "-O";
				VALIDATE_PRODUCT = YES;
			};
			name = Release;
		};
		C9276634263B6F7100CC81AC /* Debug */ = {
			isa = XCBuildConfiguration;
			baseConfigurationReference = 55DFE3D9EC66B02C1C3136E3 /* Pods-testable-mvvm-mvp-viper.debug.xcconfig */;
			buildSettings = {
				ASSETCATALOG_COMPILER_APPICON_NAME = AppIcon;
				ASSETCATALOG_COMPILER_GLOBAL_ACCENT_COLOR_NAME = AccentColor;
				CODE_SIGN_STYLE = Automatic;
				DEVELOPMENT_TEAM = 8Q28S3U544;
				INFOPLIST_FILE = "testable-mvvm-mvp-viper/Info.plist";
				IPHONEOS_DEPLOYMENT_TARGET = 13.0;
				LD_RUNPATH_SEARCH_PATHS = (
					"$(inherited)",
					"@executable_path/Frameworks",
				);
				PRODUCT_BUNDLE_IDENTIFIER = "com.ashleydeng.testable-mvvm-mvp-viper";
				PRODUCT_NAME = "$(TARGET_NAME)";
				SWIFT_VERSION = 5.0;
				TARGETED_DEVICE_FAMILY = "1,2";
			};
			name = Debug;
		};
		C9276635263B6F7100CC81AC /* Release */ = {
			isa = XCBuildConfiguration;
			baseConfigurationReference = E58C9BB74A12BB7425164F34 /* Pods-testable-mvvm-mvp-viper.release.xcconfig */;
			buildSettings = {
				ASSETCATALOG_COMPILER_APPICON_NAME = AppIcon;
				ASSETCATALOG_COMPILER_GLOBAL_ACCENT_COLOR_NAME = AccentColor;
				CODE_SIGN_STYLE = Automatic;
				DEVELOPMENT_TEAM = 8Q28S3U544;
				INFOPLIST_FILE = "testable-mvvm-mvp-viper/Info.plist";
				IPHONEOS_DEPLOYMENT_TARGET = 13.0;
				LD_RUNPATH_SEARCH_PATHS = (
					"$(inherited)",
					"@executable_path/Frameworks",
				);
				PRODUCT_BUNDLE_IDENTIFIER = "com.ashleydeng.testable-mvvm-mvp-viper";
				PRODUCT_NAME = "$(TARGET_NAME)";
				SWIFT_VERSION = 5.0;
				TARGETED_DEVICE_FAMILY = "1,2";
			};
			name = Release;
		};
		C9276637263B6F7100CC81AC /* Debug */ = {
			isa = XCBuildConfiguration;
			baseConfigurationReference = EABFB782EC205BC2F105459D /* Pods-testable-mvvm-mvp-viperTests.debug.xcconfig */;
			buildSettings = {
				ALWAYS_EMBED_SWIFT_STANDARD_LIBRARIES = YES;
				BUNDLE_LOADER = "$(TEST_HOST)";
				CODE_SIGN_STYLE = Automatic;
				DEVELOPMENT_TEAM = 8Q28S3U544;
				INFOPLIST_FILE = "testable-mvvm-mvp-viperTests/Info.plist";
				IPHONEOS_DEPLOYMENT_TARGET = 14.4;
				LD_RUNPATH_SEARCH_PATHS = (
					"$(inherited)",
					"@executable_path/Frameworks",
					"@loader_path/Frameworks",
				);
				PRODUCT_BUNDLE_IDENTIFIER = "com.ashleydeng.testable-mvvm-mvp-viperTests";
				PRODUCT_NAME = "$(TARGET_NAME)";
				SWIFT_VERSION = 5.0;
				TARGETED_DEVICE_FAMILY = "1,2";
				TEST_HOST = "$(BUILT_PRODUCTS_DIR)/testable-mvvm-mvp-viper.app/testable-mvvm-mvp-viper";
			};
			name = Debug;
		};
		C9276638263B6F7100CC81AC /* Release */ = {
			isa = XCBuildConfiguration;
			baseConfigurationReference = 171257E3F5CB1DFA7930545C /* Pods-testable-mvvm-mvp-viperTests.release.xcconfig */;
			buildSettings = {
				ALWAYS_EMBED_SWIFT_STANDARD_LIBRARIES = YES;
				BUNDLE_LOADER = "$(TEST_HOST)";
				CODE_SIGN_STYLE = Automatic;
				DEVELOPMENT_TEAM = 8Q28S3U544;
				INFOPLIST_FILE = "testable-mvvm-mvp-viperTests/Info.plist";
				IPHONEOS_DEPLOYMENT_TARGET = 14.4;
				LD_RUNPATH_SEARCH_PATHS = (
					"$(inherited)",
					"@executable_path/Frameworks",
					"@loader_path/Frameworks",
				);
				PRODUCT_BUNDLE_IDENTIFIER = "com.ashleydeng.testable-mvvm-mvp-viperTests";
				PRODUCT_NAME = "$(TARGET_NAME)";
				SWIFT_VERSION = 5.0;
				TARGETED_DEVICE_FAMILY = "1,2";
				TEST_HOST = "$(BUILT_PRODUCTS_DIR)/testable-mvvm-mvp-viper.app/testable-mvvm-mvp-viper";
			};
			name = Release;
		};
		C927663A263B6F7100CC81AC /* Debug */ = {
			isa = XCBuildConfiguration;
			buildSettings = {
				ALWAYS_EMBED_SWIFT_STANDARD_LIBRARIES = YES;
				CODE_SIGN_STYLE = Automatic;
				DEVELOPMENT_TEAM = 8Q28S3U544;
				INFOPLIST_FILE = "testable-mvvm-mvp-viperUITests/Info.plist";
				LD_RUNPATH_SEARCH_PATHS = (
					"$(inherited)",
					"@executable_path/Frameworks",
					"@loader_path/Frameworks",
				);
				PRODUCT_BUNDLE_IDENTIFIER = "com.ashleydeng.testable-mvvm-mvp-viperUITests";
				PRODUCT_NAME = "$(TARGET_NAME)";
				SWIFT_VERSION = 5.0;
				TARGETED_DEVICE_FAMILY = "1,2";
				TEST_TARGET_NAME = "testable-mvvm-mvp-viper";
			};
			name = Debug;
		};
		C927663B263B6F7100CC81AC /* Release */ = {
			isa = XCBuildConfiguration;
			buildSettings = {
				ALWAYS_EMBED_SWIFT_STANDARD_LIBRARIES = YES;
				CODE_SIGN_STYLE = Automatic;
				DEVELOPMENT_TEAM = 8Q28S3U544;
				INFOPLIST_FILE = "testable-mvvm-mvp-viperUITests/Info.plist";
				LD_RUNPATH_SEARCH_PATHS = (
					"$(inherited)",
					"@executable_path/Frameworks",
					"@loader_path/Frameworks",
				);
				PRODUCT_BUNDLE_IDENTIFIER = "com.ashleydeng.testable-mvvm-mvp-viperUITests";
				PRODUCT_NAME = "$(TARGET_NAME)";
				SWIFT_VERSION = 5.0;
				TARGETED_DEVICE_FAMILY = "1,2";
				TEST_TARGET_NAME = "testable-mvvm-mvp-viper";
			};
			name = Release;
		};
/* End XCBuildConfiguration section */

/* Begin XCConfigurationList section */
		C9276604263B6F7000CC81AC /* Build configuration list for PBXProject "testable-mvvm-mvp-viper" */ = {
			isa = XCConfigurationList;
			buildConfigurations = (
				C9276631263B6F7100CC81AC /* Debug */,
				C9276632263B6F7100CC81AC /* Release */,
			);
			defaultConfigurationIsVisible = 0;
			defaultConfigurationName = Release;
		};
		C9276633263B6F7100CC81AC /* Build configuration list for PBXNativeTarget "testable-mvvm-mvp-viper" */ = {
			isa = XCConfigurationList;
			buildConfigurations = (
				C9276634263B6F7100CC81AC /* Debug */,
				C9276635263B6F7100CC81AC /* Release */,
			);
			defaultConfigurationIsVisible = 0;
			defaultConfigurationName = Release;
		};
		C9276636263B6F7100CC81AC /* Build configuration list for PBXNativeTarget "testable-mvvm-mvp-viperTests" */ = {
			isa = XCConfigurationList;
			buildConfigurations = (
				C9276637263B6F7100CC81AC /* Debug */,
				C9276638263B6F7100CC81AC /* Release */,
			);
			defaultConfigurationIsVisible = 0;
			defaultConfigurationName = Release;
		};
		C9276639263B6F7100CC81AC /* Build configuration list for PBXNativeTarget "testable-mvvm-mvp-viperUITests" */ = {
			isa = XCConfigurationList;
			buildConfigurations = (
				C927663A263B6F7100CC81AC /* Debug */,
				C927663B263B6F7100CC81AC /* Release */,
			);
			defaultConfigurationIsVisible = 0;
			defaultConfigurationName = Release;
		};
/* End XCConfigurationList section */
	};
	rootObject = C9276601263B6F7000CC81AC /* Project object */;
}
